{
    "requires": true,
    "lockfileVersion": 1,
    "dependencies": {
        "@vitejs/plugin-vue": {
            "version": "3.0.1",
            "resolved": "https://registry.npmjs.org/@vitejs/plugin-vue/-/plugin-vue-3.0.1.tgz",
            "integrity": "sha512-Ll9JgxG7ONIz/XZv3dssfoMUDu9qAnlJ+km+pBA0teYSXzwPCIzS/e1bmwNYl5dcQGs677D21amgfYAnzMl17A=="
        }
    }
}
